{
  "name": "typescript mush",
  "lockfileVersion": 2,
  "requires": true,
  "packages": {
    "": {
      "dependencies": {
        "number-converter": "^1.2.1",
        "random": "^3.0.6",
        "readline-sync": "^1.4.10"
      },
      "devDependencies": {
        "@types/node": "^18.11.6"
      }
    },
    "node_modules/@types/node": {
      "version": "18.11.6",
      "resolved": "https://registry.npmjs.org/@types/node/-/node-18.11.6.tgz",
      "integrity": "sha512-j3CEDa2vd96K0AXF8Wur7UucACvnjkk8hYyQAHhUNciabZLDl9nfAEVUSwmh245OOZV15bRA3Y590Gi5jUcDJg==",
      "dev": true
    },
    "node_modules/commander": {
      "version": "2.20.3",
      "resolved": "https://registry.npmjs.org/commander/-/commander-2.20.3.tgz",
      "integrity": "sha512-GpVkmM8vF2vQUkj2LvZmD35JxeJOLCwJ9cUkugyk2nuhbv3+mJvpLYYt+0+USMxE+oj+ey/lJEnhZw75x/OMcQ=="
    },
    "node_modules/number-converter": {
      "version": "1.2.1",
      "resolved": "https://registry.npmjs.org/number-converter/-/number-converter-1.2.1.tgz",
      "integrity": "sha512-ZAs+Q2iyHrm2A0SEPPVWWppLQ5NsypPkQrPyMCAoHXwA8N1GhNxm2oPr13OK61BZuOKbhUWuLf6VRXRCogcyLg==",
      "dependencies": {
        "commander": "^2.8.1"
      },
      "bin": {
        "number-converter": "bin/cli.js"
      }
    },
    "node_modules/random": {
      "version": "3.0.6",
      "resolved": "https://registry.npmjs.org/random/-/random-3.0.6.tgz",
      "integrity": "sha512-B53pp/8eFBxULg6sfQgjjmy3vZ2CWVt0Nk4OgkSpvmAf3VXfcEUgGASbNWbXiTiExWe8hCIf5HlddNHzrte9jg==",
      "dependencies": {
        "seedrandom": "^3.0.5"
      },
      "engines": {
        "node": ">=10"
      }
    },
    "node_modules/readline-sync": {
      "version": "1.4.10",
      "resolved": "https://registry.npmjs.org/readline-sync/-/readline-sync-1.4.10.tgz",
      "integrity": "sha512-gNva8/6UAe8QYepIQH/jQ2qn91Qj0B9sYjMBBs3QOB8F2CXcKgLxQaJRP76sWVRQt+QU+8fAkCbCvjjMFu7Ycw==",
      "engines": {
        "node": ">= 0.8.0"
      }
    },
    "node_modules/seedrandom": {
      "version": "3.0.5",
      "resolved": "https://registry.npmjs.org/seedrandom/-/seedrandom-3.0.5.tgz",
      "integrity": "sha512-8OwmbklUNzwezjGInmZ+2clQmExQPvomqjL7LFqOYqtmuxRgQYqOD3mHaU+MvZn5FLUeVxVfQjwLZW/n/JFuqg=="
    }
  },
  "dependencies": {
    "@types/node": {
      "version": "18.11.6",
      "resolved": "https://registry.npmjs.org/@types/node/-/node-18.11.6.tgz",
      "integrity": "sha512-j3CEDa2vd96K0AXF8Wur7UucACvnjkk8hYyQAHhUNciabZLDl9nfAEVUSwmh245OOZV15bRA3Y590Gi5jUcDJg==",
      "dev": true
    },
    "commander": {
      "version": "2.20.3",
      "resolved": "https://registry.npmjs.org/commander/-/commander-2.20.3.tgz",
      "integrity": "sha512-GpVkmM8vF2vQUkj2LvZmD35JxeJOLCwJ9cUkugyk2nuhbv3+mJvpLYYt+0+USMxE+oj+ey/lJEnhZw75x/OMcQ=="
    },
    "number-converter": {
      "version": "1.2.1",
      "resolved": "https://registry.npmjs.org/number-converter/-/number-converter-1.2.1.tgz",
      "integrity": "sha512-ZAs+Q2iyHrm2A0SEPPVWWppLQ5NsypPkQrPyMCAoHXwA8N1GhNxm2oPr13OK61BZuOKbhUWuLf6VRXRCogcyLg==",
      "requires": {
        "commander": "^2.8.1"
      }
    },
    "random": {
      "version": "3.0.6",
      "resolved": "https://registry.npmjs.org/random/-/random-3.0.6.tgz",
      "integrity": "sha512-B53pp/8eFBxULg6sfQgjjmy3vZ2CWVt0Nk4OgkSpvmAf3VXfcEUgGASbNWbXiTiExWe8hCIf5HlddNHzrte9jg==",
      "requires": {
        "seedrandom": "^3.0.5"
      }
    },
    "readline-sync": {
      "version": "1.4.10",
      "resolved": "https://registry.npmjs.org/readline-sync/-/readline-sync-1.4.10.tgz",
      "integrity": "sha512-gNva8/6UAe8QYepIQH/jQ2qn91Qj0B9sYjMBBs3QOB8F2CXcKgLxQaJRP76sWVRQt+QU+8fAkCbCvjjMFu7Ycw=="
    },
    "seedrandom": {
      "version": "3.0.5",
      "resolved": "https://registry.npmjs.org/seedrandom/-/seedrandom-3.0.5.tgz",
      "integrity": "sha512-8OwmbklUNzwezjGInmZ+2clQmExQPvomqjL7LFqOYqtmuxRgQYqOD3mHaU+MvZn5FLUeVxVfQjwLZW/n/JFuqg=="
    }
  }
}
